
Microsoft Visual Studio Solution File, Format Version 12.00
# Visual Studio 14
VisualStudioVersion = 14.0.23107.0
MinimumVisualStudioVersion = 10.0.40219.1
Project("{FAE04EC0-301F-11D3-BF4B-00C04F79EFBC}") = "Alemni", "Alemni\Alemni.csproj", "{50E81B5A-3958-4530-9DD2-BB388B6CD753}"
EndProject
Project("{2150E333-8FDC-42A3-9474-1A3956D46DE8}") = "Solution Items", "Solution Items", "{B0BB2233-6C30-4648-83EA-E35882601726}"
	ProjectSection(SolutionItems) = preProject
		WE-Palette.css = WE-Palette.css
	EndProjectSection
EndProject
Global
	GlobalSection(SolutionConfigurationPlatforms) = preSolution
		Debug|Any CPU = Debug|Any CPU
		Release|Any CPU = Release|Any CPU
	EndGlobalSection
	GlobalSection(ProjectConfigurationPlatforms) = postSolution
		{50E81B5A-3958-4530-9DD2-BB388B6CD753}.Debug|Any CPU.ActiveCfg = Debug|Any CPU
		{50E81B5A-3958-4530-9DD2-BB388B6CD753}.Debug|Any CPU.Build.0 = Debug|Any CPU
		{50E81B5A-3958-4530-9DD2-BB388B6CD753}.Release|Any CPU.ActiveCfg = Release|Any CPU
		{50E81B5A-3958-4530-9DD2-BB388B6CD753}.Release|Any CPU.Build.0 = Release|Any CPU
	EndGlobalSection
	GlobalSection(SolutionProperties) = preSolution
		HideSolutionNode = FALSE
	EndGlobalSection
EndGlobal
